
Microsoft Visual Studio Solution File, Format Version 12.00
# Visual Studio Version 17
VisualStudioVersion = 17.4.33403.182
MinimumVisualStudioVersion = 10.0.40219.1
Project("{8BC9CEB8-8B4A-11D0-8D11-00A0C91BC942}") = "bs1_binarySearch_43rd", "bs1_binarySearch_43rd.vcxproj", "{B3382001-A03B-46F5-8F12-5182DF3BAE91}"
EndProject
Global
	GlobalSection(SolutionConfigurationPlatforms) = preSolution
		Debug|x64 = Debug|x64
		Debug|x86 = Debug|x86
		Release|x64 = Release|x64
		Release|x86 = Release|x86
	EndGlobalSection
	GlobalSection(ProjectConfigurationPlatforms) = postSolution
		{B3382001-A03B-46F5-8F12-5182DF3BAE91}.Debug|x64.ActiveCfg = Debug|x64
		{B3382001-A03B-46F5-8F12-5182DF3BAE91}.Debug|x64.Build.0 = Debug|x64
		{B3382001-A03B-46F5-8F12-5182DF3BAE91}.Debug|x86.ActiveCfg = Debug|Win32
		{B3382001-A03B-46F5-8F12-5182DF3BAE91}.Debug|x86.Build.0 = Debug|Win32
		{B3382001-A03B-46F5-8F12-5182DF3BAE91}.Release|x64.ActiveCfg = Release|x64
		{B3382001-A03B-46F5-8F12-5182DF3BAE91}.Release|x64.Build.0 = Release|x64
		{B3382001-A03B-46F5-8F12-5182DF3BAE91}.Release|x86.ActiveCfg = Release|Win32
		{B3382001-A03B-46F5-8F12-5182DF3BAE91}.Release|x86.Build.0 = Release|Win32
	EndGlobalSection
	GlobalSection(SolutionProperties) = preSolution
		HideSolutionNode = FALSE
	EndGlobalSection
	GlobalSection(ExtensibilityGlobals) = postSolution
		SolutionGuid = {66EF1ADB-D005-4E40-A74F-2AF49EDA7CD1}
	EndGlobalSection
EndGlobal
